
Microsoft Visual Studio Solution File, Format Version 12.00
# Visual Studio Version 17
VisualStudioVersion = 17.0.32112.339
MinimumVisualStudioVersion = 10.0.40219.1
Project("{8BC9CEB8-8B4A-11D0-8D11-00A0C91BC942}") = "BaekJoon", "BaekJoon\BaekJoon.vcxproj", "{556EC359-7459-4F2F-BAEE-A59D89202A12}"
EndProject
Project("{8BC9CEB8-8B4A-11D0-8D11-00A0C91BC942}") = "BaekJoon2", "BaekJoon2\BaekJoon2.vcxproj", "{681677BD-3CCD-47C1-AC33-97665F9EDDFC}"
EndProject
Global
	GlobalSection(SolutionConfigurationPlatforms) = preSolution
		Debug|x64 = Debug|x64
		Debug|x86 = Debug|x86
		Release|x64 = Release|x64
		Release|x86 = Release|x86
	EndGlobalSection
	GlobalSection(ProjectConfigurationPlatforms) = postSolution
		{556EC359-7459-4F2F-BAEE-A59D89202A12}.Debug|x64.ActiveCfg = Debug|x64
		{556EC359-7459-4F2F-BAEE-A59D89202A12}.Debug|x64.Build.0 = Debug|x64
		{556EC359-7459-4F2F-BAEE-A59D89202A12}.Debug|x86.ActiveCfg = Debug|Win32
		{556EC359-7459-4F2F-BAEE-A59D89202A12}.Debug|x86.Build.0 = Debug|Win32
		{556EC359-7459-4F2F-BAEE-A59D89202A12}.Release|x64.ActiveCfg = Release|x64
		{556EC359-7459-4F2F-BAEE-A59D89202A12}.Release|x64.Build.0 = Release|x64
		{556EC359-7459-4F2F-BAEE-A59D89202A12}.Release|x86.ActiveCfg = Release|Win32
		{556EC359-7459-4F2F-BAEE-A59D89202A12}.Release|x86.Build.0 = Release|Win32
		{681677BD-3CCD-47C1-AC33-97665F9EDDFC}.Debug|x64.ActiveCfg = Debug|x64
		{681677BD-3CCD-47C1-AC33-97665F9EDDFC}.Debug|x64.Build.0 = Debug|x64
		{681677BD-3CCD-47C1-AC33-97665F9EDDFC}.Debug|x86.ActiveCfg = Debug|Win32
		{681677BD-3CCD-47C1-AC33-97665F9EDDFC}.Debug|x86.Build.0 = Debug|Win32
		{681677BD-3CCD-47C1-AC33-97665F9EDDFC}.Release|x64.ActiveCfg = Release|x64
		{681677BD-3CCD-47C1-AC33-97665F9EDDFC}.Release|x64.Build.0 = Release|x64
		{681677BD-3CCD-47C1-AC33-97665F9EDDFC}.Release|x86.ActiveCfg = Release|Win32
		{681677BD-3CCD-47C1-AC33-97665F9EDDFC}.Release|x86.Build.0 = Release|Win32
	EndGlobalSection
	GlobalSection(SolutionProperties) = preSolution
		HideSolutionNode = FALSE
	EndGlobalSection
	GlobalSection(ExtensibilityGlobals) = postSolution
		SolutionGuid = {B951C5B6-3AA5-4486-B4AD-FF0D6C447B58}
	EndGlobalSection
EndGlobal
