<?xml version="1.0" encoding="utf-8"?>
<Project ToolsVersion="4.0" xmlns="http://schemas.microsoft.com/developer/msbuild/2003">
  <ItemGroup>
    <Filter Include="소스 파일">
      <UniqueIdentifier>{4FC737F1-C7A5-4376-A066-2A32D752A2FF}</UniqueIdentifier>
      <Extensions>cpp;c;cc;cxx;c++;cppm;ixx;def;odl;idl;hpj;bat;asm;asmx</Extensions>
    </Filter>
    <Filter Include="헤더 파일">
      <UniqueIdentifier>{93995380-89BD-4b04-88EB-625FBE52EBFB}</UniqueIdentifier>
      <Extensions>h;hh;hpp;hxx;h++;hm;inl;inc;ipp;xsd</Extensions>
    </Filter>
    <Filter Include="리소스 파일">
      <UniqueIdentifier>{67DA6AB6-F800-4c08-8B7A-83BB121AAD01}</UniqueIdentifier>
      <Extensions>rc;ico;cur;bmp;dlg;rc2;rct;bin;rgs;gif;jpg;jpeg;jpe;resx;tiff;tif;png;wav;mfcribbon-ms</Extensions>
    </Filter>
    <Filter Include="소스 파일\브론즈3">
      <UniqueIdentifier>{605a98d5-7bd0-4541-968f-52387bdd51af}</UniqueIdentifier>
    </Filter>
    <Filter Include="소스 파일\브론즈3-2">
      <UniqueIdentifier>{b6bc0edc-5203-4c35-be13-e2280436cc5b}</UniqueIdentifier>
    </Filter>
    <Filter Include="소스 파일\브론즈2">
      <UniqueIdentifier>{2d22f13e-59b0-453c-acfc-4772ffdb2e43}</UniqueIdentifier>
    </Filter>
    <Filter Include="소스 파일\브론즈 3-3">
      <UniqueIdentifier>{e7d421c1-9538-4b99-bfd9-fd99cb0f7523}</UniqueIdentifier>
    </Filter>
    <Filter Include="소스 파일\브론즈 1">
      <UniqueIdentifier>{07ce8633-af55-4be2-86ce-3ef074150a03}</UniqueIdentifier>
    </Filter>
    <Filter Include="소스 파일\브론즈 2">
      <UniqueIdentifier>{6b36f179-56fa-4766-8a40-8e47710262e4}</UniqueIdentifier>
    </Filter>
  </ItemGroup>
  <ItemGroup>
    <ClCompile Include="3460번.cpp">
      <Filter>소스 파일\브론즈3</Filter>
    </ClCompile>
    <ClCompile Include="3276번.cpp">
      <Filter>소스 파일\브론즈3</Filter>
    </ClCompile>
    <ClCompile Include="3507번.cpp">
      <Filter>소스 파일\브론즈3</Filter>
    </ClCompile>
    <ClCompile Include="3602번.cpp">
      <Filter>소스 파일\브론즈3</Filter>
    </ClCompile>
    <ClCompile Include="4084번.cpp">
      <Filter>소스 파일\브론즈3</Filter>
    </ClCompile>
    <ClCompile Include="2997번.cpp">
      <Filter>소스 파일\브론즈3</Filter>
    </ClCompile>
    <ClCompile Include="4388번.cpp">
      <Filter>소스 파일\브론즈3</Filter>
    </ClCompile>
    <ClCompile Include="4493번.cpp">
      <Filter>소스 파일\브론즈3</Filter>
    </ClCompile>
    <ClCompile Include="4562번.cpp">
      <Filter>소스 파일\브론즈3</Filter>
    </ClCompile>
    <ClCompile Include="4619번.cpp">
      <Filter>소스 파일\브론즈3</Filter>
    </ClCompile>
    <ClCompile Include="4623번.cpp">
      <Filter>소스 파일\브론즈3</Filter>
    </ClCompile>
    <ClCompile Include="4635번.cpp">
      <Filter>소스 파일\브론즈3</Filter>
    </ClCompile>
    <ClCompile Include="4655번.cpp">
      <Filter>소스 파일\브론즈3</Filter>
    </ClCompile>
    <ClCompile Include="4714번.cpp">
      <Filter>소스 파일\브론즈3</Filter>
    </ClCompile>
    <ClCompile Include="4758번.cpp">
      <Filter>소스 파일\브론즈3</Filter>
    </ClCompile>
    <ClCompile Include="4766번.cpp">
      <Filter>소스 파일\브론즈3</Filter>
    </ClCompile>
    <ClCompile Include="4880번.cpp">
      <Filter>소스 파일\브론즈3</Filter>
    </ClCompile>
    <ClCompile Include="4892번.cpp">
      <Filter>소스 파일\브론즈3</Filter>
    </ClCompile>
    <ClCompile Include="4909번.cpp">
      <Filter>소스 파일\브론즈3</Filter>
    </ClCompile>
    <ClCompile Include="5101번.cpp">
      <Filter>소스 파일\브론즈3</Filter>
    </ClCompile>
    <ClCompile Include="5354번.cpp">
      <Filter>소스 파일\브론즈3</Filter>
    </ClCompile>
    <ClCompile Include="4922번.cpp">
      <Filter>소스 파일\브론즈3</Filter>
    </ClCompile>
    <ClCompile Include="5074번.cpp">
      <Filter>소스 파일\브론즈3</Filter>
    </ClCompile>
    <ClCompile Include="5102번.cpp">
      <Filter>소스 파일\브론즈3</Filter>
    </ClCompile>
    <ClCompile Include="5163번.cpp">
      <Filter>소스 파일\브론즈3</Filter>
    </ClCompile>
    <ClCompile Include="5220번.cpp">
      <Filter>소스 파일\브론즈3</Filter>
    </ClCompile>
    <ClCompile Include="5235번.cpp">
      <Filter>소스 파일\브론즈3</Filter>
    </ClCompile>
    <ClCompile Include="5217번.cpp">
      <Filter>소스 파일\브론즈3</Filter>
    </ClCompile>
    <ClCompile Include="5523번.cpp">
      <Filter>소스 파일\브론즈3</Filter>
    </ClCompile>
    <ClCompile Include="5607번.cpp">
      <Filter>소스 파일\브론즈3</Filter>
    </ClCompile>
    <ClCompile Include="5618번.cpp">
      <Filter>소스 파일\브론즈3</Filter>
    </ClCompile>
    <ClCompile Include="6322번.cpp">
      <Filter>소스 파일\브론즈3</Filter>
    </ClCompile>
    <ClCompile Include="5612번.cpp">
      <Filter>소스 파일\브론즈3</Filter>
    </ClCompile>
    <ClCompile Include="5613번.cpp">
      <Filter>소스 파일\브론즈3</Filter>
    </ClCompile>
    <ClCompile Include="5666번.cpp">
      <Filter>소스 파일\브론즈3</Filter>
    </ClCompile>
    <ClCompile Include="5692번.cpp">
      <Filter>소스 파일\브론즈3</Filter>
    </ClCompile>
    <ClCompile Include="5751번.cpp">
      <Filter>소스 파일\브론즈3</Filter>
    </ClCompile>
    <ClCompile Include="6030번.cpp">
      <Filter>소스 파일\브론즈3</Filter>
    </ClCompile>
    <ClCompile Include="6131번.cpp">
      <Filter>소스 파일\브론즈3</Filter>
    </ClCompile>
    <ClCompile Include="6378번.cpp">
      <Filter>소스 파일\브론즈3</Filter>
    </ClCompile>
    <ClCompile Include="6609번.cpp">
      <Filter>소스 파일\브론즈3</Filter>
    </ClCompile>
    <ClCompile Include="7770번.cpp">
      <Filter>소스 파일\브론즈3</Filter>
    </ClCompile>
    <ClCompile Include="7789번.cpp">
      <Filter>소스 파일\브론즈3</Filter>
    </ClCompile>
    <ClCompile Include="8932번.cpp">
      <Filter>소스 파일\브론즈3</Filter>
    </ClCompile>
    <ClCompile Include="9366번.cpp">
      <Filter>소스 파일\브론즈3-2</Filter>
    </ClCompile>
    <ClCompile Include="11024번.cpp">
      <Filter>소스 파일\브론즈3-2</Filter>
    </ClCompile>
    <ClCompile Include="9063번.cpp">
      <Filter>소스 파일\브론즈3-2</Filter>
    </ClCompile>
    <ClCompile Include="6779번.cpp">
      <Filter>소스 파일\브론즈3-2</Filter>
    </ClCompile>
    <ClCompile Include="6780번.cpp">
      <Filter>소스 파일\브론즈3-2</Filter>
    </ClCompile>
    <ClCompile Include="6794번.cpp">
      <Filter>소스 파일\브론즈3-2</Filter>
    </ClCompile>
    <ClCompile Include="7581번.cpp">
      <Filter>소스 파일\브론즈3-2</Filter>
    </ClCompile>
    <ClCompile Include="7523번.cpp">
      <Filter>소스 파일\브론즈3-2</Filter>
    </ClCompile>
    <ClCompile Include="8295번.cpp">
      <Filter>소스 파일\브론즈3-2</Filter>
    </ClCompile>
    <ClCompile Include="9469번.cpp">
      <Filter>소스 파일\브론즈3-2</Filter>
    </ClCompile>
    <ClCompile Include="10419번.cpp">
      <Filter>소스 파일\브론즈3-2</Filter>
    </ClCompile>
    <ClCompile Include="11034번.cpp">
      <Filter>소스 파일\브론즈3-2</Filter>
    </ClCompile>
    <ClCompile Include="10474번.cpp">
      <Filter>소스 파일\브론즈3-2</Filter>
    </ClCompile>
    <ClCompile Include="10480번.cpp">
      <Filter>소스 파일\브론즈3-2</Filter>
    </ClCompile>
    <ClCompile Include="10695번.cpp">
      <Filter>소스 파일\브론즈3-2</Filter>
    </ClCompile>
    <ClCompile Include="11320번.cpp">
      <Filter>소스 파일\브론즈3-2</Filter>
    </ClCompile>
    <ClCompile Include="11966번.cpp">
      <Filter>소스 파일\브론즈3-2</Filter>
    </ClCompile>
    <ClCompile Include="16479번.cpp">
      <Filter>소스 파일\브론즈3-2</Filter>
    </ClCompile>
    <ClCompile Include="16483번.cpp">
      <Filter>소스 파일\브론즈3-2</Filter>
    </ClCompile>
    <ClCompile Include="22938번.cpp">
      <Filter>소스 파일\브론즈3-2</Filter>
    </ClCompile>
    <ClCompile Include="16485번.cpp">
      <Filter>소스 파일\브론즈3-2</Filter>
    </ClCompile>
    <ClCompile Include="11466번.cpp">
      <Filter>소스 파일\브론즈3-2</Filter>
    </ClCompile>
    <ClCompile Include="14215번.cpp">
      <Filter>소스 파일\브론즈3-2</Filter>
    </ClCompile>
    <ClCompile Include="6359번.cpp">
      <Filter>소스 파일\브론즈2</Filter>
    </ClCompile>
    <ClCompile Include="13300번.cpp">
      <Filter>소스 파일\브론즈2</Filter>
    </ClCompile>
    <ClCompile Include="2857번.cpp">
      <Filter>소스 파일\브론즈3-2</Filter>
    </ClCompile>
    <ClCompile Include="4589번.cpp">
      <Filter>소스 파일\브론즈3-2</Filter>
    </ClCompile>
    <ClCompile Include="4850번.cpp">
      <Filter>소스 파일\브론즈3-2</Filter>
    </ClCompile>
    <ClCompile Include="9288번.cpp">
      <Filter>소스 파일\브론즈3-2</Filter>
    </ClCompile>
    <ClCompile Include="10834번.cpp">
      <Filter>소스 파일\브론즈3-2</Filter>
    </ClCompile>
    <ClCompile Include="5524번.cpp">
      <Filter>소스 파일\브론즈3-2</Filter>
    </ClCompile>
    <ClCompile Include="14491번.cpp">
      <Filter>소스 파일\브론즈3-2</Filter>
    </ClCompile>
    <ClCompile Include="20361번.cpp">
      <Filter>소스 파일\브론즈 3-3</Filter>
    </ClCompile>
    <ClCompile Include="2711번.cpp">
      <Filter>소스 파일\브론즈 3-3</Filter>
    </ClCompile>
    <ClCompile Include="5586번.cpp">
      <Filter>소스 파일\브론즈 3-3</Filter>
    </ClCompile>
    <ClCompile Include="9933번.cpp">
      <Filter>소스 파일\브론즈 1</Filter>
    </ClCompile>
    <ClCompile Include="1356번.cpp">
      <Filter>소스 파일\브론즈 1</Filter>
    </ClCompile>
    <ClCompile Include="1718번.cpp">
      <Filter>소스 파일\브론즈 2</Filter>
    </ClCompile>
    <ClCompile Include="2810번.cpp">
      <Filter>소스 파일\브론즈 1</Filter>
    </ClCompile>
    <ClCompile Include="11005번.cpp">
      <Filter>소스 파일\브론즈 1</Filter>
    </ClCompile>
    <ClCompile Include="2851번.cpp">
      <Filter>소스 파일\브론즈 1</Filter>
    </ClCompile>
    <ClCompile Include="1453번.cpp">
      <Filter>소스 파일\브론즈 2</Filter>
    </ClCompile>
    <ClCompile Include="1173번.cpp">
      <Filter>소스 파일\브론즈 2</Filter>
    </ClCompile>
    <ClCompile Include="2435번.cpp">
      <Filter>소스 파일\브론즈 1</Filter>
    </ClCompile>
    <ClCompile Include="2605번.cpp">
      <Filter>소스 파일\브론즈 2</Filter>
    </ClCompile>
    <ClCompile Include="23794번.cpp">
      <Filter>소스 파일\브론즈 3-3</Filter>
    </ClCompile>
    <ClCompile Include="23802번.cpp">
      <Filter>소스 파일\브론즈 3-3</Filter>
    </ClCompile>
    <ClCompile Include="23803번.cpp">
      <Filter>소스 파일\브론즈 3-3</Filter>
    </ClCompile>
    <ClCompile Include="23804번.cpp">
      <Filter>소스 파일\브론즈 3-3</Filter>
    </ClCompile>
    <ClCompile Include="23805번.cpp">
      <Filter>소스 파일\브론즈 3-3</Filter>
    </ClCompile>
    <ClCompile Include="23806번.cpp">
      <Filter>소스 파일\브론즈 3-3</Filter>
    </ClCompile>
    <ClCompile Include="23808번.cpp">
      <Filter>소스 파일\브론즈 3-3</Filter>
    </ClCompile>
    <ClCompile Include="23809번.cpp">
      <Filter>소스 파일\브론즈 3-3</Filter>
    </ClCompile>
    <ClCompile Include="23810번.cpp">
      <Filter>소스 파일\브론즈 3-3</Filter>
    </ClCompile>
    <ClCompile Include="23811번.cpp">
      <Filter>소스 파일\브론즈 3-3</Filter>
    </ClCompile>
    <ClCompile Include="23812번.cpp">
      <Filter>소스 파일\브론즈 3-3</Filter>
    </ClCompile>
    <ClCompile Include="14471번.cpp">
      <Filter>소스 파일\브론즈 2</Filter>
    </ClCompile>
    <ClCompile Include="17224번.cpp">
      <Filter>소스 파일\브론즈 1</Filter>
    </ClCompile>
    <ClCompile Include="4740번.cpp">
      <Filter>소스 파일\브론즈 3-3</Filter>
    </ClCompile>
  </ItemGroup>
</Project>