<?xml version="1.0" encoding="utf-8"?>
<Project ToolsVersion="4.0" xmlns="http://schemas.microsoft.com/developer/msbuild/2003">
  <ItemGroup>
    <Filter Include="소스 파일">
      <UniqueIdentifier>{4FC737F1-C7A5-4376-A066-2A32D752A2FF}</UniqueIdentifier>
      <Extensions>cpp;c;cc;cxx;c++;cppm;ixx;def;odl;idl;hpj;bat;asm;asmx</Extensions>
    </Filter>
    <Filter Include="헤더 파일">
      <UniqueIdentifier>{93995380-89BD-4b04-88EB-625FBE52EBFB}</UniqueIdentifier>
      <Extensions>h;hh;hpp;hxx;h++;hm;inl;inc;ipp;xsd</Extensions>
    </Filter>
    <Filter Include="리소스 파일">
      <UniqueIdentifier>{67DA6AB6-F800-4c08-8B7A-83BB121AAD01}</UniqueIdentifier>
      <Extensions>rc;ico;cur;bmp;dlg;rc2;rct;bin;rgs;gif;jpg;jpeg;jpe;resx;tiff;tif;png;wav;mfcribbon-ms</Extensions>
    </Filter>
    <Filter Include="소스 파일\완전탐색, 백트래킹">
      <UniqueIdentifier>{e7736f3c-8fe1-4c93-8512-7f13c14c4f1d}</UniqueIdentifier>
    </Filter>
    <Filter Include="소스 파일\아무문제">
      <UniqueIdentifier>{f0515145-b9cc-4209-bafc-9d29ed8e0b78}</UniqueIdentifier>
    </Filter>
    <Filter Include="소스 파일\비트마스킹">
      <UniqueIdentifier>{9206faec-035d-427f-b235-3bd400bd605d}</UniqueIdentifier>
    </Filter>
    <Filter Include="소스 파일\단계별 문제 풀이, 14단계 백트래킹">
      <UniqueIdentifier>{723ea454-43b2-4ba2-aaf7-b1b63ca3d337}</UniqueIdentifier>
    </Filter>
    <Filter Include="소스 파일\아무문제 2">
      <UniqueIdentifier>{c6b65e38-f4e9-4964-8a3d-6cedabf2455a}</UniqueIdentifier>
    </Filter>
    <Filter Include="소스 파일\단계별 문제풀이 18 스택">
      <UniqueIdentifier>{79672795-d1a7-4b68-bdbf-afa914bae128}</UniqueIdentifier>
    </Filter>
    <Filter Include="소스 파일\단계별 문제풀이 17 정수론 및 조합론">
      <UniqueIdentifier>{f99907d7-d569-4e2a-8cfd-10a3dd410a88}</UniqueIdentifier>
    </Filter>
    <Filter Include="소스 파일\그리디, 라인스위핑, 투포인터">
      <UniqueIdentifier>{7eb12ab2-5104-4ac9-a0f0-b75d74845eca}</UniqueIdentifier>
    </Filter>
    <Filter Include="소스 파일\다이나믹 프로그래밍">
      <UniqueIdentifier>{c706a1b4-8cb1-478f-9c4c-d3111bba76d8}</UniqueIdentifier>
    </Filter>
    <Filter Include="소스 파일\연속합">
      <UniqueIdentifier>{9ac0163a-f9f3-4182-bd02-a44eae672734}</UniqueIdentifier>
    </Filter>
    <Filter Include="소스 파일\깊이, 너비 우선 탐색">
      <UniqueIdentifier>{df211646-b6f3-4b7d-8e75-148675c9e095}</UniqueIdentifier>
    </Filter>
  </ItemGroup>
  <ItemGroup>
    <ClCompile Include="2589번.cpp">
      <Filter>소스 파일\완전탐색, 백트래킹</Filter>
    </ClCompile>
    <ClCompile Include="16234번.cpp">
      <Filter>소스 파일\완전탐색, 백트래킹</Filter>
    </ClCompile>
    <ClCompile Include="4179번.cpp">
      <Filter>소스 파일\완전탐색, 백트래킹</Filter>
    </ClCompile>
    <ClCompile Include="12869번.cpp">
      <Filter>소스 파일\완전탐색, 백트래킹</Filter>
    </ClCompile>
    <ClCompile Include="15686번.cpp">
      <Filter>소스 파일\완전탐색, 백트래킹</Filter>
    </ClCompile>
    <ClCompile Include="16637번.cpp">
      <Filter>소스 파일\완전탐색, 백트래킹</Filter>
    </ClCompile>
    <ClCompile Include="약수의 개수와 덧셈.cpp">
      <Filter>소스 파일\아무문제</Filter>
    </ClCompile>
    <ClCompile Include="12851번.cpp">
      <Filter>소스 파일\완전탐색, 백트래킹</Filter>
    </ClCompile>
    <ClCompile Include="13913번.cpp">
      <Filter>소스 파일\완전탐색, 백트래킹</Filter>
    </ClCompile>
    <ClCompile Include="17071번.cpp">
      <Filter>소스 파일\완전탐색, 백트래킹</Filter>
    </ClCompile>
    <ClCompile Include="1015번.cpp">
      <Filter>소스 파일\아무문제</Filter>
    </ClCompile>
    <ClCompile Include="1016번.cpp">
      <Filter>소스 파일\아무문제</Filter>
    </ClCompile>
    <ClCompile Include="14497번.cpp">
      <Filter>소스 파일\완전탐색, 백트래킹</Filter>
    </ClCompile>
    <ClCompile Include="3197번.cpp">
      <Filter>소스 파일\완전탐색, 백트래킹</Filter>
    </ClCompile>
    <ClCompile Include="1987번.cpp">
      <Filter>소스 파일\완전탐색, 백트래킹</Filter>
    </ClCompile>
    <ClCompile Include="2529번.cpp">
      <Filter>소스 파일\완전탐색, 백트래킹</Filter>
    </ClCompile>
    <ClCompile Include="9934번.cpp">
      <Filter>소스 파일\완전탐색, 백트래킹</Filter>
    </ClCompile>
    <ClCompile Include="23825번.cpp">
      <Filter>소스 파일\아무문제</Filter>
    </ClCompile>
    <ClCompile Include="1189번.cpp">
      <Filter>소스 파일\완전탐색, 백트래킹</Filter>
    </ClCompile>
    <ClCompile Include="14620번.cpp">
      <Filter>소스 파일\완전탐색, 백트래킹</Filter>
    </ClCompile>
    <ClCompile Include="15684번.cpp">
      <Filter>소스 파일\완전탐색, 백트래킹</Filter>
    </ClCompile>
    <ClCompile Include="19942번.cpp">
      <Filter>소스 파일\비트마스킹</Filter>
    </ClCompile>
    <ClCompile Include="1145번.cpp">
      <Filter>소스 파일\아무문제</Filter>
    </ClCompile>
    <ClCompile Include="1789번.cpp">
      <Filter>소스 파일\아무문제</Filter>
    </ClCompile>
    <ClCompile Include="2805번.cpp">
      <Filter>소스 파일\아무문제</Filter>
    </ClCompile>
    <ClCompile Include="2의 보수.cpp">
      <Filter>소스 파일\아무문제</Filter>
    </ClCompile>
    <ClCompile Include="15649번.cpp">
      <Filter>소스 파일\단계별 문제 풀이, 14단계 백트래킹</Filter>
    </ClCompile>
    <ClCompile Include="15650번.cpp">
      <Filter>소스 파일\단계별 문제 풀이, 14단계 백트래킹</Filter>
    </ClCompile>
    <ClCompile Include="15651번.cpp">
      <Filter>소스 파일\단계별 문제 풀이, 14단계 백트래킹</Filter>
    </ClCompile>
    <ClCompile Include="15652번.cpp">
      <Filter>소스 파일\단계별 문제 풀이, 14단계 백트래킹</Filter>
    </ClCompile>
    <ClCompile Include="9663번.cpp">
      <Filter>소스 파일\단계별 문제 풀이, 14단계 백트래킹</Filter>
    </ClCompile>
    <ClCompile Include="2580번.cpp">
      <Filter>소스 파일\단계별 문제 풀이, 14단계 백트래킹</Filter>
    </ClCompile>
    <ClCompile Include="14888번.cpp">
      <Filter>소스 파일\단계별 문제 풀이, 14단계 백트래킹</Filter>
    </ClCompile>
    <ClCompile Include="14889번.cpp">
      <Filter>소스 파일\단계별 문제 풀이, 14단계 백트래킹</Filter>
    </ClCompile>
    <ClCompile Include="1285번.cpp">
      <Filter>소스 파일\비트마스킹</Filter>
    </ClCompile>
    <ClCompile Include="기본 개념.cpp">
      <Filter>소스 파일\비트마스킹</Filter>
    </ClCompile>
    <ClCompile Include="1259번.cpp">
      <Filter>소스 파일\아무문제</Filter>
    </ClCompile>
    <ClCompile Include="1874번.cpp">
      <Filter>소스 파일\아무문제</Filter>
    </ClCompile>
    <ClCompile Include="1074번.cpp">
      <Filter>소스 파일\아무문제</Filter>
    </ClCompile>
    <ClCompile Include="17471번.cpp">
      <Filter>소스 파일\비트마스킹</Filter>
    </ClCompile>
    <ClCompile Include="14890번.cpp">
      <Filter>소스 파일\비트마스킹</Filter>
    </ClCompile>
    <ClCompile Include="1062번.cpp">
      <Filter>소스 파일\비트마스킹</Filter>
    </ClCompile>
    <ClCompile Include="1094번.cpp">
      <Filter>소스 파일\비트마스킹</Filter>
    </ClCompile>
    <ClCompile Include="1987-2비트마스킹 풀이.cpp">
      <Filter>소스 파일\비트마스킹</Filter>
    </ClCompile>
    <ClCompile Include="2234번.cpp">
      <Filter>소스 파일\비트마스킹</Filter>
    </ClCompile>
    <ClCompile Include="1057번.cpp">
      <Filter>소스 파일\아무문제</Filter>
    </ClCompile>
    <ClCompile Include="13023번.cpp">
      <Filter>소스 파일\아무문제 2</Filter>
    </ClCompile>
    <ClCompile Include="11723번.cpp">
      <Filter>소스 파일\비트마스킹</Filter>
    </ClCompile>
    <ClCompile Include="10828번.cpp">
      <Filter>소스 파일\단계별 문제풀이 18 스택</Filter>
    </ClCompile>
    <ClCompile Include="10773번.cpp">
      <Filter>소스 파일\단계별 문제풀이 18 스택</Filter>
    </ClCompile>
    <ClCompile Include="5086번.cpp">
      <Filter>소스 파일\단계별 문제풀이 17 정수론 및 조합론</Filter>
    </ClCompile>
    <ClCompile Include="1934번.cpp">
      <Filter>소스 파일\단계별 문제풀이 17 정수론 및 조합론</Filter>
    </ClCompile>
    <ClCompile Include="2981번.cpp">
      <Filter>소스 파일\단계별 문제풀이 17 정수론 및 조합론</Filter>
    </ClCompile>
    <ClCompile Include="3036번.cpp">
      <Filter>소스 파일\단계별 문제풀이 17 정수론 및 조합론</Filter>
    </ClCompile>
    <ClCompile Include="11050번.cpp">
      <Filter>소스 파일\단계별 문제풀이 17 정수론 및 조합론</Filter>
    </ClCompile>
    <ClCompile Include="11051번.cpp">
      <Filter>소스 파일\단계별 문제풀이 17 정수론 및 조합론</Filter>
    </ClCompile>
    <ClCompile Include="1676번.cpp">
      <Filter>소스 파일\단계별 문제풀이 17 정수론 및 조합론</Filter>
    </ClCompile>
    <ClCompile Include="2004번.cpp">
      <Filter>소스 파일\단계별 문제풀이 17 정수론 및 조합론</Filter>
    </ClCompile>
    <ClCompile Include="14391번.cpp">
      <Filter>소스 파일\비트마스킹</Filter>
    </ClCompile>
    <ClCompile Include="13244번.cpp">
      <Filter>소스 파일\비트마스킹</Filter>
    </ClCompile>
    <ClCompile Include="5430번.cpp">
      <Filter>소스 파일\비트마스킹</Filter>
    </ClCompile>
    <ClCompile Include="14405번cpp.cpp">
      <Filter>소스 파일\비트마스킹</Filter>
    </ClCompile>
    <ClCompile Include="15353번.cpp">
      <Filter>소스 파일\비트마스킹</Filter>
    </ClCompile>
    <ClCompile Include="질의응답.cpp">
      <Filter>소스 파일</Filter>
    </ClCompile>
    <ClCompile Include="15926번.cpp">
      <Filter>소스 파일\비트마스킹</Filter>
    </ClCompile>
    <ClCompile Include="3015번.cpp">
      <Filter>소스 파일\비트마스킹</Filter>
    </ClCompile>
    <ClCompile Include="2109번.cpp">
      <Filter>소스 파일\그리디, 라인스위핑, 투포인터</Filter>
    </ClCompile>
    <ClCompile Include="2525번.cpp">
      <Filter>소스 파일\아무문제 2</Filter>
    </ClCompile>
    <ClCompile Include="1931번.cpp">
      <Filter>소스 파일\아무문제 2</Filter>
    </ClCompile>
    <ClCompile Include="11047번.cpp">
      <Filter>소스 파일\아무문제 2</Filter>
    </ClCompile>
    <ClCompile Include="17615번.cpp">
      <Filter>소스 파일\아무문제 2</Filter>
    </ClCompile>
    <ClCompile Include="1049번.cpp">
      <Filter>소스 파일\아무문제 2</Filter>
    </ClCompile>
    <ClCompile Include="1051번.cpp">
      <Filter>소스 파일\아무문제 2</Filter>
    </ClCompile>
    <ClCompile Include="1105번.cpp">
      <Filter>소스 파일\아무문제 2</Filter>
    </ClCompile>
    <ClCompile Include="17085번.cpp">
      <Filter>소스 파일\아무문제 2</Filter>
    </ClCompile>
    <ClCompile Include="9935번.cpp">
      <Filter>소스 파일\그리디, 라인스위핑, 투포인터</Filter>
    </ClCompile>
    <ClCompile Include="1781번.cpp">
      <Filter>소스 파일\그리디, 라인스위핑, 투포인터</Filter>
    </ClCompile>
    <ClCompile Include="14469번.cpp">
      <Filter>소스 파일\그리디, 라인스위핑, 투포인터</Filter>
    </ClCompile>
    <ClCompile Include="4101번.cpp">
      <Filter>소스 파일\아무문제 2</Filter>
    </ClCompile>
    <ClCompile Include="18110번.cpp">
      <Filter>소스 파일\아무문제 2</Filter>
    </ClCompile>
    <ClCompile Include="1522번.cpp">
      <Filter>소스 파일\아무문제 2</Filter>
    </ClCompile>
    <ClCompile Include="1439번.cpp">
      <Filter>소스 파일\아무문제</Filter>
    </ClCompile>
    <ClCompile Include="4134번.cpp">
      <Filter>소스 파일\아무문제</Filter>
    </ClCompile>
    <ClCompile Include="1769번.cpp">
      <Filter>소스 파일\아무문제</Filter>
    </ClCompile>
    <ClCompile Include="2217번.cpp">
      <Filter>소스 파일\아무문제</Filter>
    </ClCompile>
    <ClCompile Include="1475번.cpp">
      <Filter>소스 파일\아무문제</Filter>
    </ClCompile>
    <ClCompile Include="1547번.cpp">
      <Filter>소스 파일\아무문제</Filter>
    </ClCompile>
    <ClCompile Include="1931-2번.cpp">
      <Filter>소스 파일\그리디, 라인스위핑, 투포인터</Filter>
    </ClCompile>
    <ClCompile Include="1202번.cpp">
      <Filter>소스 파일\그리디, 라인스위핑, 투포인터</Filter>
    </ClCompile>
    <ClCompile Include="2075번.cpp">
      <Filter>소스 파일\아무문제</Filter>
    </ClCompile>
    <ClCompile Include="11659번.cpp">
      <Filter>소스 파일\아무문제</Filter>
    </ClCompile>
    <ClCompile Include="2839번.cpp">
      <Filter>소스 파일\다이나믹 프로그래밍</Filter>
    </ClCompile>
    <ClCompile Include="1463번.cpp">
      <Filter>소스 파일\다이나믹 프로그래밍</Filter>
    </ClCompile>
    <ClCompile Include="1003번.cpp">
      <Filter>소스 파일\다이나믹 프로그래밍</Filter>
    </ClCompile>
    <ClCompile Include="9095번.cpp">
      <Filter>소스 파일\다이나믹 프로그래밍</Filter>
    </ClCompile>
    <ClCompile Include="11726번.cpp">
      <Filter>소스 파일\다이나믹 프로그래밍</Filter>
    </ClCompile>
    <ClCompile Include="1149번.cpp">
      <Filter>소스 파일\다이나믹 프로그래밍</Filter>
    </ClCompile>
    <ClCompile Include="2579번.cpp">
      <Filter>소스 파일\다이나믹 프로그래밍</Filter>
    </ClCompile>
    <ClCompile Include="11053번.cpp">
      <Filter>소스 파일\다이나믹 프로그래밍</Filter>
    </ClCompile>
    <ClCompile Include="1932번.cpp">
      <Filter>소스 파일\다이나믹 프로그래밍</Filter>
    </ClCompile>
    <ClCompile Include="1912번.cpp">
      <Filter>소스 파일\다이나믹 프로그래밍</Filter>
    </ClCompile>
    <ClCompile Include="2156번.cpp">
      <Filter>소스 파일\다이나믹 프로그래밍</Filter>
    </ClCompile>
    <ClCompile Include="10844번.cpp">
      <Filter>소스 파일\다이나믹 프로그래밍</Filter>
    </ClCompile>
    <ClCompile Include="10986번.cpp">
      <Filter>소스 파일\연속합</Filter>
    </ClCompile>
    <ClCompile Include="13144번.cpp">
      <Filter>소스 파일\그리디, 라인스위핑, 투포인터</Filter>
    </ClCompile>
    <ClCompile Include="3273번.cpp">
      <Filter>소스 파일\그리디, 라인스위핑, 투포인터</Filter>
    </ClCompile>
    <ClCompile Include="11866번.cpp">
      <Filter>소스 파일\아무문제</Filter>
    </ClCompile>
    <ClCompile Include="1966번.cpp">
      <Filter>소스 파일\아무문제</Filter>
    </ClCompile>
    <ClCompile Include="6603번.cpp">
      <Filter>소스 파일\단계별 문제 풀이, 14단계 백트래킹</Filter>
    </ClCompile>
    <ClCompile Include="3055번.cpp">
      <Filter>소스 파일\깊이, 너비 우선 탐색</Filter>
    </ClCompile>
    <ClCompile Include="1520번.cpp">
      <Filter>소스 파일\깊이, 너비 우선 탐색</Filter>
    </ClCompile>
    <ClCompile Include="2573번.cpp">
      <Filter>소스 파일\깊이, 너비 우선 탐색</Filter>
    </ClCompile>
    <ClCompile Include="2606번.cpp">
      <Filter>소스 파일\깊이, 너비 우선 탐색</Filter>
    </ClCompile>
    <ClCompile Include="2644번.cpp">
      <Filter>소스 파일\깊이, 너비 우선 탐색</Filter>
    </ClCompile>
    <ClCompile Include="2667번.cpp">
      <Filter>소스 파일\깊이, 너비 우선 탐색</Filter>
    </ClCompile>
    <ClCompile Include="4963번.cpp">
      <Filter>소스 파일\깊이, 너비 우선 탐색</Filter>
    </ClCompile>
    <ClCompile Include="10026번.cpp">
      <Filter>소스 파일\깊이, 너비 우선 탐색</Filter>
    </ClCompile>
    <ClCompile Include="11724번.cpp">
      <Filter>소스 파일\깊이, 너비 우선 탐색</Filter>
    </ClCompile>
    <ClCompile Include="11725번.cpp">
      <Filter>소스 파일\깊이, 너비 우선 탐색</Filter>
    </ClCompile>
    <ClCompile Include="1743번.cpp">
      <Filter>소스 파일\깊이, 너비 우선 탐색</Filter>
    </ClCompile>
    <ClCompile Include="1697번.cpp">
      <Filter>소스 파일\깊이, 너비 우선 탐색</Filter>
    </ClCompile>
    <ClCompile Include="1926번.cpp">
      <Filter>소스 파일\깊이, 너비 우선 탐색</Filter>
    </ClCompile>
    <ClCompile Include="1937번.cpp">
      <Filter>소스 파일\깊이, 너비 우선 탐색</Filter>
    </ClCompile>
    <ClCompile Include="2206번.cpp">
      <Filter>소스 파일\깊이, 너비 우선 탐색</Filter>
    </ClCompile>
    <ClCompile Include="2210번.cpp">
      <Filter>소스 파일\깊이, 너비 우선 탐색</Filter>
    </ClCompile>
    <ClCompile Include="2638번.cpp">
      <Filter>소스 파일\깊이, 너비 우선 탐색</Filter>
    </ClCompile>
    <ClCompile Include="2668번.cpp">
      <Filter>소스 파일\깊이, 너비 우선 탐색</Filter>
    </ClCompile>
    <ClCompile Include="3184번.cpp">
      <Filter>소스 파일\깊이, 너비 우선 탐색</Filter>
    </ClCompile>
    <ClCompile Include="7569번.cpp">
      <Filter>소스 파일\깊이, 너비 우선 탐색</Filter>
    </ClCompile>
    <ClCompile Include="7576번.cpp">
      <Filter>소스 파일\깊이, 너비 우선 탐색</Filter>
    </ClCompile>
    <ClCompile Include="9311번.cpp">
      <Filter>소스 파일\깊이, 너비 우선 탐색</Filter>
    </ClCompile>
    <ClCompile Include="24479번.cpp">
      <Filter>소스 파일\깊이, 너비 우선 탐색</Filter>
    </ClCompile>
    <ClCompile Include="24480번.cpp">
      <Filter>소스 파일\깊이, 너비 우선 탐색</Filter>
    </ClCompile>
    <ClCompile Include="24482번.cpp">
      <Filter>소스 파일\깊이, 너비 우선 탐색</Filter>
    </ClCompile>
    <ClCompile Include="24481번.cpp">
      <Filter>소스 파일\깊이, 너비 우선 탐색</Filter>
    </ClCompile>
    <ClCompile Include="24444번.cpp">
      <Filter>소스 파일\깊이, 너비 우선 탐색</Filter>
    </ClCompile>
    <ClCompile Include="24445번.cpp">
      <Filter>소스 파일\깊이, 너비 우선 탐색</Filter>
    </ClCompile>
    <ClCompile Include="24446번.cpp">
      <Filter>소스 파일\깊이, 너비 우선 탐색</Filter>
    </ClCompile>
    <ClCompile Include="24447번.cpp">
      <Filter>소스 파일\깊이, 너비 우선 탐색</Filter>
    </ClCompile>
    <ClCompile Include="1913번.cpp">
      <Filter>소스 파일\아무문제</Filter>
    </ClCompile>
    <ClCompile Include="2193번.cpp">
      <Filter>소스 파일\다이나믹 프로그래밍</Filter>
    </ClCompile>
    <ClCompile Include="9461번.cpp">
      <Filter>소스 파일\다이나믹 프로그래밍</Filter>
    </ClCompile>
    <ClCompile Include="11727번.cpp">
      <Filter>소스 파일\다이나믹 프로그래밍</Filter>
    </ClCompile>
    <ClCompile Include="14501번.cpp">
      <Filter>소스 파일\다이나믹 프로그래밍</Filter>
    </ClCompile>
    <ClCompile Include="11052번.cpp">
      <Filter>소스 파일\다이나믹 프로그래밍</Filter>
    </ClCompile>
    <ClCompile Include="1904번.cpp">
      <Filter>소스 파일\다이나믹 프로그래밍</Filter>
    </ClCompile>
    <ClCompile Include="9465번.cpp">
      <Filter>소스 파일\다이나믹 프로그래밍</Filter>
    </ClCompile>
    <ClCompile Include="9251번.cpp">
      <Filter>소스 파일\다이나믹 프로그래밍</Filter>
    </ClCompile>
    <ClCompile Include="1700번.cpp">
      <Filter>소스 파일\그리디, 라인스위핑, 투포인터</Filter>
    </ClCompile>
    <ClCompile Include="11057번.cpp">
      <Filter>소스 파일\다이나믹 프로그래밍</Filter>
    </ClCompile>
    <ClCompile Include="11055번.cpp">
      <Filter>소스 파일\다이나믹 프로그래밍</Filter>
    </ClCompile>
    <ClCompile Include="11722번.cpp">
      <Filter>소스 파일\다이나믹 프로그래밍</Filter>
    </ClCompile>
    <ClCompile Include="15988번.cpp">
      <Filter>소스 파일\다이나믹 프로그래밍</Filter>
    </ClCompile>
    <ClCompile Include="11054번.cpp">
      <Filter>소스 파일\다이나믹 프로그래밍</Filter>
    </ClCompile>
    <ClCompile Include="2164번.cpp">
      <Filter>소스 파일\아무문제</Filter>
    </ClCompile>
    <ClCompile Include="10866번.cpp">
      <Filter>소스 파일\아무문제 2</Filter>
    </ClCompile>
  </ItemGroup>
</Project>