<?xml version="1.0" encoding="utf-8"?>
<Project ToolsVersion="4.0" xmlns="http://schemas.microsoft.com/developer/msbuild/2003">
  <ItemGroup>
    <Filter Include="소스 파일">
      <UniqueIdentifier>{4FC737F1-C7A5-4376-A066-2A32D752A2FF}</UniqueIdentifier>
      <Extensions>cpp;c;cc;cxx;c++;cppm;ixx;def;odl;idl;hpj;bat;asm;asmx</Extensions>
    </Filter>
    <Filter Include="헤더 파일">
      <UniqueIdentifier>{93995380-89BD-4b04-88EB-625FBE52EBFB}</UniqueIdentifier>
      <Extensions>h;hh;hpp;hxx;h++;hm;inl;inc;ipp;xsd</Extensions>
    </Filter>
    <Filter Include="리소스 파일">
      <UniqueIdentifier>{67DA6AB6-F800-4c08-8B7A-83BB121AAD01}</UniqueIdentifier>
      <Extensions>rc;ico;cur;bmp;dlg;rc2;rct;bin;rgs;gif;jpg;jpeg;jpe;resx;tiff;tif;png;wav;mfcribbon-ms</Extensions>
    </Filter>
    <Filter Include="소스 파일\완전탐색, 백트래킹">
      <UniqueIdentifier>{e7736f3c-8fe1-4c93-8512-7f13c14c4f1d}</UniqueIdentifier>
    </Filter>
    <Filter Include="소스 파일\아무문제">
      <UniqueIdentifier>{f0515145-b9cc-4209-bafc-9d29ed8e0b78}</UniqueIdentifier>
    </Filter>
    <Filter Include="소스 파일\비트마스킹">
      <UniqueIdentifier>{9206faec-035d-427f-b235-3bd400bd605d}</UniqueIdentifier>
    </Filter>
    <Filter Include="소스 파일\단계별 문제 풀이, 14단계 백트래킹">
      <UniqueIdentifier>{723ea454-43b2-4ba2-aaf7-b1b63ca3d337}</UniqueIdentifier>
    </Filter>
  </ItemGroup>
  <ItemGroup>
    <ClCompile Include="2589번.cpp">
      <Filter>소스 파일\완전탐색, 백트래킹</Filter>
    </ClCompile>
    <ClCompile Include="16234번.cpp">
      <Filter>소스 파일\완전탐색, 백트래킹</Filter>
    </ClCompile>
    <ClCompile Include="4179번.cpp">
      <Filter>소스 파일\완전탐색, 백트래킹</Filter>
    </ClCompile>
    <ClCompile Include="12869번.cpp">
      <Filter>소스 파일\완전탐색, 백트래킹</Filter>
    </ClCompile>
    <ClCompile Include="15686번.cpp">
      <Filter>소스 파일\완전탐색, 백트래킹</Filter>
    </ClCompile>
    <ClCompile Include="16637번.cpp">
      <Filter>소스 파일\완전탐색, 백트래킹</Filter>
    </ClCompile>
    <ClCompile Include="약수의 개수와 덧셈.cpp">
      <Filter>소스 파일\아무문제</Filter>
    </ClCompile>
    <ClCompile Include="12851번.cpp">
      <Filter>소스 파일\완전탐색, 백트래킹</Filter>
    </ClCompile>
    <ClCompile Include="13913번.cpp">
      <Filter>소스 파일\완전탐색, 백트래킹</Filter>
    </ClCompile>
    <ClCompile Include="17071번.cpp">
      <Filter>소스 파일\완전탐색, 백트래킹</Filter>
    </ClCompile>
    <ClCompile Include="1015번.cpp">
      <Filter>소스 파일\아무문제</Filter>
    </ClCompile>
    <ClCompile Include="1016번.cpp">
      <Filter>소스 파일\아무문제</Filter>
    </ClCompile>
    <ClCompile Include="14497번.cpp">
      <Filter>소스 파일\완전탐색, 백트래킹</Filter>
    </ClCompile>
    <ClCompile Include="3197번.cpp">
      <Filter>소스 파일\완전탐색, 백트래킹</Filter>
    </ClCompile>
    <ClCompile Include="1987번.cpp">
      <Filter>소스 파일\완전탐색, 백트래킹</Filter>
    </ClCompile>
    <ClCompile Include="2529번.cpp">
      <Filter>소스 파일\완전탐색, 백트래킹</Filter>
    </ClCompile>
    <ClCompile Include="9934번.cpp">
      <Filter>소스 파일\완전탐색, 백트래킹</Filter>
    </ClCompile>
    <ClCompile Include="23825번.cpp">
      <Filter>소스 파일\아무문제</Filter>
    </ClCompile>
    <ClCompile Include="1189번.cpp">
      <Filter>소스 파일\완전탐색, 백트래킹</Filter>
    </ClCompile>
    <ClCompile Include="14620번.cpp">
      <Filter>소스 파일\완전탐색, 백트래킹</Filter>
    </ClCompile>
    <ClCompile Include="15684번.cpp">
      <Filter>소스 파일\완전탐색, 백트래킹</Filter>
    </ClCompile>
    <ClCompile Include="19942번.cpp">
      <Filter>소스 파일\비트마스킹</Filter>
    </ClCompile>
    <ClCompile Include="1145번.cpp">
      <Filter>소스 파일\아무문제</Filter>
    </ClCompile>
    <ClCompile Include="1789번.cpp">
      <Filter>소스 파일\아무문제</Filter>
    </ClCompile>
    <ClCompile Include="2805번.cpp">
      <Filter>소스 파일\아무문제</Filter>
    </ClCompile>
    <ClCompile Include="2의 보수.cpp">
      <Filter>소스 파일\아무문제</Filter>
    </ClCompile>
    <ClCompile Include="15649번.cpp">
      <Filter>소스 파일\단계별 문제 풀이, 14단계 백트래킹</Filter>
    </ClCompile>
    <ClCompile Include="15650번.cpp">
      <Filter>소스 파일\단계별 문제 풀이, 14단계 백트래킹</Filter>
    </ClCompile>
    <ClCompile Include="15651번.cpp">
      <Filter>소스 파일\단계별 문제 풀이, 14단계 백트래킹</Filter>
    </ClCompile>
    <ClCompile Include="15652번.cpp">
      <Filter>소스 파일\단계별 문제 풀이, 14단계 백트래킹</Filter>
    </ClCompile>
    <ClCompile Include="9663번.cpp">
      <Filter>소스 파일\단계별 문제 풀이, 14단계 백트래킹</Filter>
    </ClCompile>
    <ClCompile Include="2580번.cpp">
      <Filter>소스 파일\단계별 문제 풀이, 14단계 백트래킹</Filter>
    </ClCompile>
    <ClCompile Include="14888번.cpp">
      <Filter>소스 파일\단계별 문제 풀이, 14단계 백트래킹</Filter>
    </ClCompile>
    <ClCompile Include="14889번.cpp">
      <Filter>소스 파일\단계별 문제 풀이, 14단계 백트래킹</Filter>
    </ClCompile>
    <ClCompile Include="1285번.cpp">
      <Filter>소스 파일\비트마스킹</Filter>
    </ClCompile>
    <ClCompile Include="기본 개념.cpp">
      <Filter>소스 파일\비트마스킹</Filter>
    </ClCompile>
    <ClCompile Include="1259번.cpp">
      <Filter>소스 파일\아무문제</Filter>
    </ClCompile>
    <ClCompile Include="1874번.cpp">
      <Filter>소스 파일\아무문제</Filter>
    </ClCompile>
    <ClCompile Include="1074번.cpp">
      <Filter>소스 파일\아무문제</Filter>
    </ClCompile>
    <ClCompile Include="17471번.cpp">
      <Filter>소스 파일\비트마스킹</Filter>
    </ClCompile>
  </ItemGroup>
</Project>